
Microsoft Visual Studio Solution File, Format Version 12.00
# Visual Studio 2017
Project("{FAE04EC0-301F-11D3-BF4B-00C04F79EFBC}") = "Chain Reaction - Spatial - 2", "Chain Reaction - Spatial - 2.csproj", "{7337D590-BF05-07B8-A669-D2599AD9770B}"
EndProject
Project("{FAE04EC0-301F-11D3-BF4B-00C04F79EFBC}") = "Chain Reaction - Spatial - 2.Editor", "Chain Reaction - Spatial - 2.Editor.csproj", "{30221B87-1274-5A98-30F1-E039F10250F9}"
EndProject
Global
	GlobalSection(SolutionConfigurationPlatforms) = preSolution
		Debug|Any CPU = Debug|Any CPU
		Release|Any CPU = Release|Any CPU
	EndGlobalSection
	GlobalSection(ProjectConfigurationPlatforms) = postSolution
		{7337D590-BF05-07B8-A669-D2599AD9770B}.Debug|Any CPU.ActiveCfg = Debug|Any CPU
		{7337D590-BF05-07B8-A669-D2599AD9770B}.Debug|Any CPU.Build.0 = Debug|Any CPU
		{7337D590-BF05-07B8-A669-D2599AD9770B}.Release|Any CPU.ActiveCfg = Release|Any CPU
		{7337D590-BF05-07B8-A669-D2599AD9770B}.Release|Any CPU.Build.0 = Release|Any CPU
		{30221B87-1274-5A98-30F1-E039F10250F9}.Debug|Any CPU.ActiveCfg = Debug|Any CPU
		{30221B87-1274-5A98-30F1-E039F10250F9}.Debug|Any CPU.Build.0 = Debug|Any CPU
		{30221B87-1274-5A98-30F1-E039F10250F9}.Release|Any CPU.ActiveCfg = Release|Any CPU
		{30221B87-1274-5A98-30F1-E039F10250F9}.Release|Any CPU.Build.0 = Release|Any CPU
	EndGlobalSection
	GlobalSection(SolutionProperties) = preSolution
		HideSolutionNode = FALSE
	EndGlobalSection
EndGlobal
